# THIS IS AN AUTOGENERATED FILE. DO NOT EDIT THIS FILE DIRECTLY.
# yarn lockfile v1


"@types/node@^18.15.7":
  version "18.15.7"
  resolved "https://registry.yarnpkg.com/@types/node/-/node-18.15.7.tgz#33514fca9bdf136f77027358850c0fb9cd93c669"
  integrity sha512-LFmUbFunqmBn26wJZgZPYZPrDR1RwGOu2v79Mgcka1ndO6V0/cwjivPTc4yoK6n9kmw4/ls1r8cLrvh2iMibFA==
